{
  "lockfileVersion": 1,
  "workspaces": {
    "": {
      "name": "pdf2md",
      "dependencies": {
        "@mistralai/mistralai": "^1.7.5",
        "@std/encoding": "npm:@jsr/std__encoding",
        "@std/tar": "npm:@jsr/std__tar",
        "hono": "^4.9.2",
        "marked": "^15.0.12",
        "marked-footnote": "^1.4.0",
        "marked-katex-extension": "^5.1.5",
      },
    },
  },
  "packages": {
    "@jsr/std__bytes": ["@jsr/std__bytes@1.0.6", "https://npm.jsr.io/~/11/@jsr/std__bytes/1.0.6.tgz", {}, "sha512-St6yKggjFGhxS52IFLJWvkchRFbAKg2Xh8UxA4S1EGz7GJ2Ui+ssDDldj/w2c8vCxvl6qgR0HaYbKeFJNqujmA=="],

    "@jsr/std__streams": ["@jsr/std__streams@1.0.10", "https://npm.jsr.io/~/11/@jsr/std__streams/1.0.10.tgz", { "dependencies": { "@jsr/std__bytes": "^1.0.6" } }, "sha512-10v3cTUl6uREV1TMek5yvE2tFLmMjJIDW4uRlUhYhbkQSaKjd5SIf8lSWhgRgvDTmQM0gtcbt7X6+KrauyRsoA=="],

    "@mistralai/mistralai": ["@mistralai/mistralai@1.7.5", "", { "dependencies": { "zod-to-json-schema": "^3.24.1" }, "peerDependencies": { "zod": ">= 3" } }, "sha512-5YfNVSYm8r/zbYAVYfAEILGOvyFYMSgmgr5q8SYFhlxBWwvmxV/p/FNH5PihVZPbE4fNpa8aFo7JNX6jbWhWcg=="],

    "@std/encoding": ["@jsr/std__encoding@1.0.10", "https://npm.jsr.io/~/11/@jsr/std__encoding/1.0.10.tgz", {}, "sha512-WK2njnDTyKefroRNk2Ooq7GStp6Y0ccAvr4To+Z/zecRAGe7+OSvH9DbiaHpAKwEi2KQbmpWMOYsdNt+TsdmSw=="],

    "@std/tar": ["@jsr/std__tar@0.1.7", "https://npm.jsr.io/~/11/@jsr/std__tar/0.1.7.tgz", { "dependencies": { "@jsr/std__streams": "^1.0.10" } }, "sha512-0PNJXi3urduryZyyrhcnb2VI8AlDgYoaRztqGJuFAyHiM2no6oo9+OLmEK69enMZR+kt021olWK8PLvzIupTKA=="],

    "commander": ["commander@8.3.0", "", {}, "sha512-OkTL9umf+He2DZkUq8f8J9of7yL6RJKI24dVITBmNfZBmri9zYZQrKkuXiKhyfPSu8tUhnVBB1iKXevvnlR4Ww=="],

    "hono": ["hono@4.9.2", "", {}, "sha512-UG2jXGS/gkLH42l/1uROnwXpkjvvxkl3kpopL3LBo27NuaDPI6xHNfuUSilIHcrBkPfl4y0z6y2ByI455TjNRw=="],

    "katex": ["katex@0.16.22", "", { "dependencies": { "commander": "^8.3.0" }, "bin": { "katex": "cli.js" } }, "sha512-XCHRdUw4lf3SKBaJe4EvgqIuWwkPSo9XoeO8GjQW94Bp7TWv9hNhzZjZ+OH9yf1UmLygb7DIT5GSFQiyt16zYg=="],

    "marked": ["marked@15.0.12", "", { "bin": { "marked": "bin/marked.js" } }, "sha512-8dD6FusOQSrpv9Z1rdNMdlSgQOIP880DHqnohobOmYLElGEqAL/JvxvuxZO16r4HtjTlfPRDC1hbvxC9dPN2nA=="],

    "marked-footnote": ["marked-footnote@1.4.0", "", { "peerDependencies": { "marked": ">=7.0.0" } }, "sha512-fZTxAhI1TcLEs5UOjCfYfTHpyKGaWQevbxaGTEA68B51l7i87SctPFtHETYqPkEN0ka5opvy4Dy1l/yXVC+hmg=="],

    "marked-katex-extension": ["marked-katex-extension@5.1.5", "", { "peerDependencies": { "katex": ">=0.16 <0.17", "marked": ">=4 <17" } }, "sha512-AAlfnpi3ivBWt4Paqb8YW2R7eq2ESJ+AtrgJU1jImUwnxHJAhPkZ5MsR3POnWV9HKwlBLZTVGC5I5+I2xWRiFg=="],

    "zod": ["zod@3.22.3", "", {}, "sha512-EjIevzuJRiRPbVH4mGc8nApb/lVLKVpmUhAaR5R5doKGfAnGJ6Gr3CViAVjP+4FWSxCsybeWQdcgCtbX+7oZug=="],

    "zod-to-json-schema": ["zod-to-json-schema@3.24.5", "", { "peerDependencies": { "zod": "^3.24.1" } }, "sha512-/AuWwMP+YqiPbsJx5D6TfgRTc4kTLjsh5SOcd4bLsfUg2RcEXrFMJl1DGgdHy2aCfsIA/cr/1JM0xcB2GZji8g=="],
  }
}
